// !$*UTF8*$!
{
	archiveVersion = 1;
	classes = {
	};
	objectVersion = 46;
	objects = {

/* Begin PBXBuildFile section */
		112BC8CB1A80283A00B60243 /* AppDelegate.swift in Sources */ = {isa = PBXBuildFile; fileRef = 112BC8CA1A80283A00B60243 /* AppDelegate.swift */; };
		112BC8CD1A80283A00B60243 /* ViewController.swift in Sources */ = {isa = PBXBuildFile; fileRef = 112BC8CC1A80283A00B60243 /* ViewController.swift */; };
		112BC8D01A80283A00B60243 /* Main.storyboard in Resources */ = {isa = PBXBuildFile; fileRef = 112BC8CE1A80283A00B60243 /* Main.storyboard */; };
		112BC8D21A80283A00B60243 /* Images.xcassets in Resources */ = {isa = PBXBuildFile; fileRef = 112BC8D11A80283A00B60243 /* Images.xcassets */; };
		112BC8D51A80283A00B60243 /* LaunchScreen.xib in Resources */ = {isa = PBXBuildFile; fileRef = 112BC8D31A80283A00B60243 /* LaunchScreen.xib */; };
		112BC8E11A80283A00B60243 /* GradePredictorTests.swift in Sources */ = {isa = PBXBuildFile; fileRef = 112BC8E01A80283A00B60243 /* GradePredictorTests.swift */; };
/* End PBXBuildFile section */

/* Begin PBXContainerItemProxy section */
		112BC8DB1A80283A00B60243 /* PBXContainerItemProxy */ = {
			isa = PBXContainerItemProxy;
			containerPortal = 112BC8BD1A80283A00B60243 /* Project object */;
			proxyType = 1;
			remoteGlobalIDString = 112BC8C41A80283A00B60243;
			remoteInfo = GradePredictor;
		};
/* End PBXContainerItemProxy section */

/* Begin PBXFileReference section */
		112BC8C51A80283A00B60243 /* GradePredictor.app */ = {isa = PBXFileReference; explicitFileType = wrapper.application; includeInIndex = 0; path = GradePredictor.app; sourceTree = BUILT_PRODUCTS_DIR; };
		112BC8C91A80283A00B60243 /* Info.plist */ = {isa = PBXFileReference; lastKnownFileType = text.plist.xml; path = Info.plist; sourceTree = "<group>"; };
		112BC8CA1A80283A00B60243 /* AppDelegate.swift */ = {isa = PBXFileReference; lastKnownFileType = sourcecode.swift; path = AppDelegate.swift; sourceTree = "<group>"; };
		112BC8CC1A80283A00B60243 /* ViewController.swift */ = {isa = PBXFileReference; lastKnownFileType = sourcecode.swift; path = ViewController.swift; sourceTree = "<group>"; };
		112BC8CF1A80283A00B60243 /* Base */ = {isa = PBXFileReference; lastKnownFileType = file.storyboard; name = Base; path = Base.lproj/Main.storyboard; sourceTree = "<group>"; };
		112BC8D11A80283A00B60243 /* Images.xcassets */ = {isa = PBXFileReference; lastKnownFileType = folder.assetcatalog; path = Images.xcassets; sourceTree = "<group>"; };
		112BC8D41A80283A00B60243 /* Base */ = {isa = PBXFileReference; lastKnownFileType = file.xib; name = Base; path = Base.lproj/LaunchScreen.xib; sourceTree = "<group>"; };
		112BC8DA1A80283A00B60243 /* GradePredictorTests.xctest */ = {isa = PBXFileReference; explicitFileType = wrapper.cfbundle; includeInIndex = 0; path = GradePredictorTests.xctest; sourceTree = BUILT_PRODUCTS_DIR; };
		112BC8DF1A80283A00B60243 /* Info.plist */ = {isa = PBXFileReference; lastKnownFileType = text.plist.xml; path = Info.plist; sourceTree = "<group>"; };
		112BC8E01A80283A00B60243 /* GradePredictorTests.swift */ = {isa = PBXFileReference; lastKnownFileType = sourcecode.swift; path = GradePredictorTests.swift; sourceTree = "<group>"; };
/* End PBXFileReference section */

/* Begin PBXFrameworksBuildPhase section */
		112BC8C21A80283A00B60243 /* Frameworks */ = {
			isa = PBXFrameworksBuildPhase;
			buildActionMask = 2147483647;
			files = (
			);
			runOnlyForDeploymentPostprocessing = 0;
		};
		112BC8D71A80283A00B60243 /* Frameworks */ = {
			isa = PBXFrameworksBuildPhase;
			buildActionMask = 2147483647;
			files = (
			);
			runOnlyForDeploymentPostprocessing = 0;
		};
/* End PBXFrameworksBuildPhase section */

/* Begin PBXGroup section */
		112BC8BC1A80283A00B60243 = {
			isa = PBXGroup;
			children = (
				112BC8C71A80283A00B60243 /* GradePredictor */,
				112BC8DD1A80283A00B60243 /* GradePredictorTests */,
				112BC8C61A80283A00B60243 /* Products */,
			);
			sourceTree = "<group>";
		};
		112BC8C61A80283A00B60243 /* Products */ = {
			isa = PBXGroup;
			children = (
				112BC8C51A80283A00B60243 /* GradePredictor.app */,
				112BC8DA1A80283A00B60243 /* GradePredictorTests.xctest */,
			);
			name = Products;
			sourceTree = "<group>";
		};
		112BC8C71A80283A00B60243 /* GradePredictor */ = {
			isa = PBXGroup;
			children = (
				112BC8CA1A80283A00B60243 /* AppDelegate.swift */,
				112BC8CC1A80283A00B60243 /* ViewController.swift */,
				112BC8CE1A80283A00B60243 /* Main.storyboard */,
				112BC8D11A80283A00B60243 /* Images.xcassets */,
				112BC8D31A80283A00B60243 /* LaunchScreen.xib */,
				112BC8C81A80283A00B60243 /* Supporting Files */,
			);
			path = GradePredictor;
			sourceTree = "<group>";
		};
		112BC8C81A80283A00B60243 /* Supporting Files */ = {
			isa = PBXGroup;
			children = (
				112BC8C91A80283A00B60243 /* Info.plist */,
			);
			name = "Supporting Files";
			sourceTree = "<group>";
		};
		112BC8DD1A80283A00B60243 /* GradePredictorTests */ = {
			isa = PBXGroup;
			children = (
				112BC8E01A80283A00B60243 /* GradePredictorTests.swift */,
				112BC8DE1A80283A00B60243 /* Supporting Files */,
			);
			path = GradePredictorTests;
			sourceTree = "<group>";
		};
		112BC8DE1A80283A00B60243 /* Supporting Files */ = {
			isa = PBXGroup;
			children = (
				112BC8DF1A80283A00B60243 /* Info.plist */,
			);
			name = "Supporting Files";
			sourceTree = "<group>";
		};
/* End PBXGroup section */

/* Begin PBXNativeTarget section */
		112BC8C41A80283A00B60243 /* GradePredictor */ = {
			isa = PBXNativeTarget;
			buildConfigurationList = 112BC8E41A80283A00B60243 /* Build configuration list for PBXNativeTarget "GradePredictor" */;
			buildPhases = (
				112BC8C11A80283A00B60243 /* Sources */,
				112BC8C21A80283A00B60243 /* Frameworks */,
				112BC8C31A80283A00B60243 /* Resources */,
			);
			buildRules = (
			);
			dependencies = (
			);
			name = GradePredictor;
			productName = GradePredictor;
			productReference = 112BC8C51A80283A00B60243 /* GradePredictor.app */;
			productType = "com.apple.product-type.application";
		};
		112BC8D91A80283A00B60243 /* GradePredictorTests */ = {
			isa = PBXNativeTarget;
			buildConfigurationList = 112BC8E71A80283A00B60243 /* Build configuration list for PBXNativeTarget "GradePredictorTests" */;
			buildPhases = (
				112BC8D61A80283A00B60243 /* Sources */,
				112BC8D71A80283A00B60243 /* Frameworks */,
				112BC8D81A80283A00B60243 /* Resources */,
			);
			buildRules = (
			);
			dependencies = (
				112BC8DC1A80283A00B60243 /* PBXTargetDependency */,
			);
			name = GradePredictorTests;
			productName = GradePredictorTests;
			productReference = 112BC8DA1A80283A00B60243 /* GradePredictorTests.xctest */;
			productType = "com.apple.product-type.bundle.unit-test";
		};
/* End PBXNativeTarget section */

/* Begin PBXProject section */
		112BC8BD1A80283A00B60243 /* Project object */ = {
			isa = PBXProject;
			attributes = {
				LastSwiftMigration = 0730;
				LastSwiftUpdateCheck = 0730;
				LastUpgradeCheck = 0730;
				ORGANIZATIONNAME = "Logan Nathanson";
				TargetAttributes = {
					112BC8C41A80283A00B60243 = {
						CreatedOnToolsVersion = 6.1.1;
						DevelopmentTeam = 78F9Q4BS2K;
					};
					112BC8D91A80283A00B60243 = {
						CreatedOnToolsVersion = 6.1.1;
						TestTargetID = 112BC8C41A80283A00B60243;
					};
				};
			};
			buildConfigurationList = 112BC8C01A80283A00B60243 /* Build configuration list for PBXProject "GradePredictor" */;
			compatibilityVersion = "Xcode 3.2";
			developmentRegion = English;
			hasScannedForEncodings = 0;
			knownRegions = (
				en,
				Base,
			);
			mainGroup = 112BC8BC1A80283A00B60243;
			productRefGroup = 112BC8C61A80283A00B60243 /* Products */;
			projectDirPath = "";
			projectRoot = "";
			targets = (
				112BC8C41A80283A00B60243 /* GradePredictor */,
				112BC8D91A80283A00B60243 /* GradePredictorTests */,
			);
		};
/* End PBXProject section */

/* Begin PBXResourcesBuildPhase section */
		112BC8C31A80283A00B60243 /* Resources */ = {
			isa = PBXResourcesBuildPhase;
			buildActionMask = 2147483647;
			files = (
				112BC8D01A80283A00B60243 /* Main.storyboard in Resources */,
				112BC8D51A80283A00B60243 /* LaunchScreen.xib in Resources */,
				112BC8D21A80283A00B60243 /* Images.xcassets in Resources */,
			);
			runOnlyForDeploymentPostprocessing = 0;
		};
		112BC8D81A80283A00B60243 /* Resources */ = {
			isa = PBXResourcesBuildPhase;
			buildActionMask = 2147483647;
			files = (
			);
			runOnlyForDeploymentPostprocessing = 0;
		};
/* End PBXResourcesBuildPhase section */

/* Begin PBXSourcesBuildPhase section */
		112BC8C11A80283A00B60243 /* Sources */ = {
			isa = PBXSourcesBuildPhase;
			buildActionMask = 2147483647;
			files = (
				112BC8CD1A80283A00B60243 /* ViewController.swift in Sources */,
				112BC8CB1A80283A00B60243 /* AppDelegate.swift in Sources */,
			);
			runOnlyForDeploymentPostprocessing = 0;
		};
		112BC8D61A80283A00B60243 /* Sources */ = {
			isa = PBXSourcesBuildPhase;
			buildActionMask = 2147483647;
			files = (
				112BC8E11A80283A00B60243 /* GradePredictorTests.swift in Sources */,
			);
			runOnlyForDeploymentPostprocessing = 0;
		};
/* End PBXSourcesBuildPhase section */

/* Begin PBXTargetDependency section */
		112BC8DC1A80283A00B60243 /* PBXTargetDependency */ = {
			isa = PBXTargetDependency;
			target = 112BC8C41A80283A00B60243 /* GradePredictor */;
			targetProxy = 112BC8DB1A80283A00B60243 /* PBXContainerItemProxy */;
		};
/* End PBXTargetDependency section */

/* Begin PBXVariantGroup section */
		112BC8CE1A80283A00B60243 /* Main.storyboard */ = {
			isa = PBXVariantGroup;
			children = (
				112BC8CF1A80283A00B60243 /* Base */,
			);
			name = Main.storyboard;
			sourceTree = "<group>";
		};
		112BC8D31A80283A00B60243 /* LaunchScreen.xib */ = {
			isa = PBXVariantGroup;
			children = (
				112BC8D41A80283A00B60243 /* Base */,
			);
			name = LaunchScreen.xib;
			sourceTree = "<group>";
		};
/* End PBXVariantGroup section */

/* Begin XCBuildConfiguration section */
		112BC8E21A80283A00B60243 /* Debug */ = {
			isa = XCBuildConfiguration;
			buildSettings = {
				ALWAYS_SEARCH_USER_PATHS = NO;
				CLANG_CXX_LANGUAGE_STANDARD = "gnu++0x";
				CLANG_CXX_LIBRARY = "libc++";
				CLANG_ENABLE_MODULES = YES;
				CLANG_ENABLE_OBJC_ARC = YES;
				CLANG_WARN_BOOL_CONVERSION = YES;
				CLANG_WARN_CONSTANT_CONVERSION = YES;
				CLANG_WARN_DIRECT_OBJC_ISA_USAGE = YES_ERROR;
				CLANG_WARN_EMPTY_BODY = YES;
				CLANG_WARN_ENUM_CONVERSION = YES;
				CLANG_WARN_INT_CONVERSION = YES;
				CLANG_WARN_OBJC_ROOT_CLASS = YES_ERROR;
				CLANG_WARN_UNREACHABLE_CODE = YES;
				CLANG_WARN__DUPLICATE_METHOD_MATCH = YES;
				"CODE_SIGN_IDENTITY[sdk=iphoneos*]" = "iPhone Developer";
				COPY_PHASE_STRIP = NO;
				ENABLE_STRICT_OBJC_MSGSEND = YES;
				ENABLE_TESTABILITY = YES;
				GCC_C_LANGUAGE_STANDARD = gnu99;
				GCC_DYNAMIC_NO_PIC = NO;
				GCC_OPTIMIZATION_LEVEL = 0;
				GCC_PREPROCESSOR_DEFINITIONS = (
					"DEBUG=1",
					"$(inherited)",
				);
				GCC_SYMBOLS_PRIVATE_EXTERN = NO;
				GCC_WARN_64_TO_32_BIT_CONVERSION = YES;
				GCC_WARN_ABOUT_RETURN_TYPE = YES_ERROR;
				GCC_WARN_UNDECLARED_SELECTOR = YES;
				GCC_WARN_UNINITIALIZED_AUTOS = YES_AGGRESSIVE;
				GCC_WARN_UNUSED_FUNCTION = YES;
				GCC_WARN_UNUSED_VARIABLE = YES;
				IPHONEOS_DEPLOYMENT_TARGET = 8.1;
				MTL_ENABLE_DEBUG_INFO = YES;
				ONLY_ACTIVE_ARCH = YES;
				SDKROOT = iphoneos;
				SWIFT_OPTIMIZATION_LEVEL = "-Onone";
			};
			name = Debug;
		};
		112BC8E31A80283A00B60243 /* Release */ = {
			isa = XCBuildConfiguration;
			buildSettings = {
				ALWAYS_SEARCH_USER_PATHS = NO;
				CLANG_CXX_LANGUAGE_STANDARD = "gnu++0x";
				CLANG_CXX_LIBRARY = "libc++";
				CLANG_ENABLE_MODULES = YES;
				CLANG_ENABLE_OBJC_ARC = YES;
				CLANG_WARN_BOOL_CONVERSION = YES;
				CLANG_WARN_CONSTANT_CONVERSION = YES;
				CLANG_WARN_DIRECT_OBJC_ISA_USAGE = YES_ERROR;
				CLANG_WARN_EMPTY_BODY = YES;
				CLANG_WARN_ENUM_CONVERSION = YES;
				CLANG_WARN_INT_CONVERSION = YES;
				CLANG_WARN_OBJC_ROOT_CLASS = YES_ERROR;
				CLANG_WARN_UNREACHABLE_CODE = YES;
				CLANG_WARN__DUPLICATE_METHOD_MATCH = YES;
				"CODE_SIGN_IDENTITY[sdk=iphoneos*]" = "iPhone Developer";
				COPY_PHASE_STRIP = YES;
				ENABLE_NS_ASSERTIONS = NO;
				ENABLE_STRICT_OBJC_MSGSEND = YES;
				GCC_C_LANGUAGE_STANDARD = gnu99;
				GCC_WARN_64_TO_32_BIT_CONVERSION = YES;
				GCC_WARN_ABOUT_RETURN_TYPE = YES_ERROR;
				GCC_WARN_UNDECLARED_SELECTOR = YES;
				GCC_WARN_UNINITIALIZED_AUTOS = YES_AGGRESSIVE;
				GCC_WARN_UNUSED_FUNCTION = YES;
				GCC_WARN_UNUSED_VARIABLE = YES;
				IPHONEOS_DEPLOYMENT_TARGET = 8.1;
				MTL_ENABLE_DEBUG_INFO = NO;
				ONLY_ACTIVE_ARCH = NO;
				SDKROOT = iphoneos;
				VALIDATE_PRODUCT = YES;
			};
			name = Release;
		};
		112BC8E51A80283A00B60243 /* Debug */ = {
			isa = XCBuildConfiguration;
			buildSettings = {
				ASSETCATALOG_COMPILER_APPICON_NAME = AppIcon;
				CODE_SIGN_IDENTITY = "iPhone Developer";
				"CODE_SIGN_IDENTITY[sdk=iphoneos*]" = "iPhone Developer";
				INFOPLIST_FILE = GradePredictor/Info.plist;
				LD_RUNPATH_SEARCH_PATHS = "$(inherited) @executable_path/Frameworks";
				PRODUCT_BUNDLE_IDENTIFIER = "Logan-Nathanson.$(PRODUCT_NAME:rfc1034identifier)";
				PRODUCT_NAME = "$(TARGET_NAME)";
				PROVISIONING_PROFILE = "";
				SKIP_INSTALL = NO;
			};
			name = Debug;
		};
		112BC8E61A80283A00B60243 /* Release */ = {
			isa = XCBuildConfiguration;
			buildSettings = {
				ASSETCATALOG_COMPILER_APPICON_NAME = AppIcon;
				CODE_SIGN_IDENTITY = "iPhone Developer";
				"CODE_SIGN_IDENTITY[sdk=iphoneos*]" = "iPhone Developer";
				INFOPLIST_FILE = GradePredictor/Info.plist;
				LD_RUNPATH_SEARCH_PATHS = "$(inherited) @executable_path/Frameworks";
				PRODUCT_BUNDLE_IDENTIFIER = "Logan-Nathanson.$(PRODUCT_NAME:rfc1034identifier)";
				PRODUCT_NAME = "$(TARGET_NAME)";
				PROVISIONING_PROFILE = "";
				SKIP_INSTALL = NO;
			};
			name = Release;
		};
		112BC8E81A80283A00B60243 /* Debug */ = {
			isa = XCBuildConfiguration;
			buildSettings = {
				BUNDLE_LOADER = "$(TEST_HOST)";
				FRAMEWORK_SEARCH_PATHS = (
					"$(SDKROOT)/Developer/Library/Frameworks",
					"$(inherited)",
				);
				GCC_PREPROCESSOR_DEFINITIONS = (
					"DEBUG=1",
					"$(inherited)",
				);
				INFOPLIST_FILE = GradePredictorTests/Info.plist;
				LD_RUNPATH_SEARCH_PATHS = "$(inherited) @executable_path/Frameworks @loader_path/Frameworks";
				PRODUCT_BUNDLE_IDENTIFIER = "Logan-Nathanson.$(PRODUCT_NAME:rfc1034identifier)";
				PRODUCT_NAME = "$(TARGET_NAME)";
				TEST_HOST = "$(BUILT_PRODUCTS_DIR)/GradePredictor.app/GradePredictor";
			};
			name = Debug;
		};
		112BC8E91A80283A00B60243 /* Release */ = {
			isa = XCBuildConfiguration;
			buildSettings = {
				BUNDLE_LOADER = "$(TEST_HOST)";
				FRAMEWORK_SEARCH_PATHS = (
					"$(SDKROOT)/Developer/Library/Frameworks",
					"$(inherited)",
				);
				INFOPLIST_FILE = GradePredictorTests/Info.plist;
				LD_RUNPATH_SEARCH_PATHS = "$(inherited) @executable_path/Frameworks @loader_path/Frameworks";
				PRODUCT_BUNDLE_IDENTIFIER = "Logan-Nathanson.$(PRODUCT_NAME:rfc1034identifier)";
				PRODUCT_NAME = "$(TARGET_NAME)";
				TEST_HOST = "$(BUILT_PRODUCTS_DIR)/GradePredictor.app/GradePredictor";
			};
			name = Release;
		};
/* End XCBuildConfiguration section */

/* Begin XCConfigurationList section */
		112BC8C01A80283A00B60243 /* Build configuration list for PBXProject "GradePredictor" */ = {
			isa = XCConfigurationList;
			buildConfigurations = (
				112BC8E21A80283A00B60243 /* Debug */,
				112BC8E31A80283A00B60243 /* Release */,
			);
			defaultConfigurationIsVisible = 0;
			defaultConfigurationName = Release;
		};
		112BC8E41A80283A00B60243 /* Build configuration list for PBXNativeTarget "GradePredictor" */ = {
			isa = XCConfigurationList;
			buildConfigurations = (
				112BC8E51A80283A00B60243 /* Debug */,
				112BC8E61A80283A00B60243 /* Release */,
			);
			defaultConfigurationIsVisible = 0;
			defaultConfigurationName = Release;
		};
		112BC8E71A80283A00B60243 /* Build configuration list for PBXNativeTarget "GradePredictorTests" */ = {
			isa = XCConfigurationList;
			buildConfigurations = (
				112BC8E81A80283A00B60243 /* Debug */,
				112BC8E91A80283A00B60243 /* Release */,
			);
			defaultConfigurationIsVisible = 0;
			defaultConfigurationName = Release;
		};
/* End XCConfigurationList section */
	};
	rootObject = 112BC8BD1A80283A00B60243 /* Project object */;
}
